
Microsoft Visual Studio Solution File, Format Version 12.00
Project("{FAE04EC0-301F-11D3-BF4B-00C04F79EFBC}") = "ExiledPluginTemplate", "ExiledPluginTemplate\ExiledPluginTemplate.csproj", "{3D97D6DC-A5D6-4B54-9D45-C9F1E25E492E}"
EndProject
Global
	GlobalSection(SolutionConfigurationPlatforms) = preSolution
		Debug|Any CPU = Debug|Any CPU
		Release|Any CPU = Release|Any CPU
	EndGlobalSection
	GlobalSection(ProjectConfigurationPlatforms) = postSolution
		{3D97D6DC-A5D6-4B54-9D45-C9F1E25E492E}.Debug|Any CPU.ActiveCfg = Debug|Any CPU
		{3D97D6DC-A5D6-4B54-9D45-C9F1E25E492E}.Debug|Any CPU.Build.0 = Debug|Any CPU
		{3D97D6DC-A5D6-4B54-9D45-C9F1E25E492E}.Release|Any CPU.ActiveCfg = Release|Any CPU
		{3D97D6DC-A5D6-4B54-9D45-C9F1E25E492E}.Release|Any CPU.Build.0 = Release|Any CPU
	EndGlobalSection
EndGlobal
